<Solution>
  <Project Path="ADOPM3_08_01\ADOPM3_08_01.csproj" />
  <Project Path="ADOPM3_08_02\ADOPM3_08_02.csproj" />
  <Project Path="ADOPM3_08_04\ADOPM3_08_04.csproj" />
  <Project Path="ADOPM3_08_04a\ADOPM3_08_04a.csproj" />
  <Project Path="ADOPM3_08_05\ADOPM3_08_05.csproj" />
  <Project Path="ADOPM3_08_06\ADOPM3_08_06.csproj" />
</Solution>
